// !$*UTF8*$!
{
	archiveVersion = 1;
	classes = {
	};
	objectVersion = 46;
	objects = {

/* Begin PBXBuildFile section */
		11D7A5BD1AB75EDB006A6088 /* AppDelegate.swift in Sources */ = {isa = PBXBuildFile; fileRef = 11D7A5BC1AB75EDB006A6088 /* AppDelegate.swift */; };
		11D7A5BF1AB75EDB006A6088 /* ViewController.swift in Sources */ = {isa = PBXBuildFile; fileRef = 11D7A5BE1AB75EDB006A6088 /* ViewController.swift */; };
		11D7A5C21AB75EDB006A6088 /* Main.storyboard in Resources */ = {isa = PBXBuildFile; fileRef = 11D7A5C01AB75EDB006A6088 /* Main.storyboard */; };
		11D7A5C41AB75EDB006A6088 /* Images.xcassets in Resources */ = {isa = PBXBuildFile; fileRef = 11D7A5C31AB75EDB006A6088 /* Images.xcassets */; };
		11D7A5C71AB75EDB006A6088 /* LaunchScreen.xib in Resources */ = {isa = PBXBuildFile; fileRef = 11D7A5C51AB75EDB006A6088 /* LaunchScreen.xib */; };
		11D7A5D31AB75EDB006A6088 /* FastMovieTests.swift in Sources */ = {isa = PBXBuildFile; fileRef = 11D7A5D21AB75EDB006A6088 /* FastMovieTests.swift */; };
/* End PBXBuildFile section */

/* Begin PBXContainerItemProxy section */
		11D7A5CD1AB75EDB006A6088 /* PBXContainerItemProxy */ = {
			isa = PBXContainerItemProxy;
			containerPortal = 11D7A5AF1AB75EDA006A6088 /* Project object */;
			proxyType = 1;
			remoteGlobalIDString = 11D7A5B61AB75EDA006A6088;
			remoteInfo = FastMovie;
		};
/* End PBXContainerItemProxy section */

/* Begin PBXFileReference section */
		11D7A5B71AB75EDA006A6088 /* FastMovie.app */ = {isa = PBXFileReference; explicitFileType = wrapper.application; includeInIndex = 0; path = FastMovie.app; sourceTree = BUILT_PRODUCTS_DIR; };
		11D7A5BB1AB75EDB006A6088 /* Info.plist */ = {isa = PBXFileReference; lastKnownFileType = text.plist.xml; path = Info.plist; sourceTree = "<group>"; };
		11D7A5BC1AB75EDB006A6088 /* AppDelegate.swift */ = {isa = PBXFileReference; lastKnownFileType = sourcecode.swift; path = AppDelegate.swift; sourceTree = "<group>"; };
		11D7A5BE1AB75EDB006A6088 /* ViewController.swift */ = {isa = PBXFileReference; lastKnownFileType = sourcecode.swift; path = ViewController.swift; sourceTree = "<group>"; };
		11D7A5C11AB75EDB006A6088 /* Base */ = {isa = PBXFileReference; lastKnownFileType = file.storyboard; name = Base; path = Base.lproj/Main.storyboard; sourceTree = "<group>"; };
		11D7A5C31AB75EDB006A6088 /* Images.xcassets */ = {isa = PBXFileReference; lastKnownFileType = folder.assetcatalog; path = Images.xcassets; sourceTree = "<group>"; };
		11D7A5C61AB75EDB006A6088 /* Base */ = {isa = PBXFileReference; lastKnownFileType = file.xib; name = Base; path = Base.lproj/LaunchScreen.xib; sourceTree = "<group>"; };
		11D7A5CC1AB75EDB006A6088 /* FastMovieTests.xctest */ = {isa = PBXFileReference; explicitFileType = wrapper.cfbundle; includeInIndex = 0; path = FastMovieTests.xctest; sourceTree = BUILT_PRODUCTS_DIR; };
		11D7A5D11AB75EDB006A6088 /* Info.plist */ = {isa = PBXFileReference; lastKnownFileType = text.plist.xml; path = Info.plist; sourceTree = "<group>"; };
		11D7A5D21AB75EDB006A6088 /* FastMovieTests.swift */ = {isa = PBXFileReference; lastKnownFileType = sourcecode.swift; path = FastMovieTests.swift; sourceTree = "<group>"; };
/* End PBXFileReference section */

/* Begin PBXFrameworksBuildPhase section */
		11D7A5B41AB75EDA006A6088 /* Frameworks */ = {
			isa = PBXFrameworksBuildPhase;
			buildActionMask = 2147483647;
			files = (
			);
			runOnlyForDeploymentPostprocessing = 0;
		};
		11D7A5C91AB75EDB006A6088 /* Frameworks */ = {
			isa = PBXFrameworksBuildPhase;
			buildActionMask = 2147483647;
			files = (
			);
			runOnlyForDeploymentPostprocessing = 0;
		};
/* End PBXFrameworksBuildPhase section */

/* Begin PBXGroup section */
		11D7A5AE1AB75EDA006A6088 = {
			isa = PBXGroup;
			children = (
				11D7A5B91AB75EDA006A6088 /* FastMovie */,
				11D7A5CF1AB75EDB006A6088 /* FastMovieTests */,
				11D7A5B81AB75EDA006A6088 /* Products */,
			);
			sourceTree = "<group>";
		};
		11D7A5B81AB75EDA006A6088 /* Products */ = {
			isa = PBXGroup;
			children = (
				11D7A5B71AB75EDA006A6088 /* FastMovie.app */,
				11D7A5CC1AB75EDB006A6088 /* FastMovieTests.xctest */,
			);
			name = Products;
			sourceTree = "<group>";
		};
		11D7A5B91AB75EDA006A6088 /* FastMovie */ = {
			isa = PBXGroup;
			children = (
				11D7A5BC1AB75EDB006A6088 /* AppDelegate.swift */,
				11D7A5BE1AB75EDB006A6088 /* ViewController.swift */,
				11D7A5C01AB75EDB006A6088 /* Main.storyboard */,
				11D7A5C31AB75EDB006A6088 /* Images.xcassets */,
				11D7A5C51AB75EDB006A6088 /* LaunchScreen.xib */,
				11D7A5BA1AB75EDB006A6088 /* Supporting Files */,
			);
			path = FastMovie;
			sourceTree = "<group>";
		};
		11D7A5BA1AB75EDB006A6088 /* Supporting Files */ = {
			isa = PBXGroup;
			children = (
				11D7A5BB1AB75EDB006A6088 /* Info.plist */,
			);
			name = "Supporting Files";
			sourceTree = "<group>";
		};
		11D7A5CF1AB75EDB006A6088 /* FastMovieTests */ = {
			isa = PBXGroup;
			children = (
				11D7A5D21AB75EDB006A6088 /* FastMovieTests.swift */,
				11D7A5D01AB75EDB006A6088 /* Supporting Files */,
			);
			path = FastMovieTests;
			sourceTree = "<group>";
		};
		11D7A5D01AB75EDB006A6088 /* Supporting Files */ = {
			isa = PBXGroup;
			children = (
				11D7A5D11AB75EDB006A6088 /* Info.plist */,
			);
			name = "Supporting Files";
			sourceTree = "<group>";
		};
/* End PBXGroup section */

/* Begin PBXNativeTarget section */
		11D7A5B61AB75EDA006A6088 /* FastMovie */ = {
			isa = PBXNativeTarget;
			buildConfigurationList = 11D7A5D61AB75EDB006A6088 /* Build configuration list for PBXNativeTarget "FastMovie" */;
			buildPhases = (
				11D7A5B31AB75EDA006A6088 /* Sources */,
				11D7A5B41AB75EDA006A6088 /* Frameworks */,
				11D7A5B51AB75EDA006A6088 /* Resources */,
			);
			buildRules = (
			);
			dependencies = (
			);
			name = FastMovie;
			productName = FastMovie;
			productReference = 11D7A5B71AB75EDA006A6088 /* FastMovie.app */;
			productType = "com.apple.product-type.application";
		};
		11D7A5CB1AB75EDB006A6088 /* FastMovieTests */ = {
			isa = PBXNativeTarget;
			buildConfigurationList = 11D7A5D91AB75EDB006A6088 /* Build configuration list for PBXNativeTarget "FastMovieTests" */;
			buildPhases = (
				11D7A5C81AB75EDB006A6088 /* Sources */,
				11D7A5C91AB75EDB006A6088 /* Frameworks */,
				11D7A5CA1AB75EDB006A6088 /* Resources */,
			);
			buildRules = (
			);
			dependencies = (
				11D7A5CE1AB75EDB006A6088 /* PBXTargetDependency */,
			);
			name = FastMovieTests;
			productName = FastMovieTests;
			productReference = 11D7A5CC1AB75EDB006A6088 /* FastMovieTests.xctest */;
			productType = "com.apple.product-type.bundle.unit-test";
		};
/* End PBXNativeTarget section */

/* Begin PBXProject section */
		11D7A5AF1AB75EDA006A6088 /* Project object */ = {
			isa = PBXProject;
			attributes = {
				LastUpgradeCheck = 0620;
				ORGANIZATIONNAME = JuanFer;
				TargetAttributes = {
					11D7A5B61AB75EDA006A6088 = {
						CreatedOnToolsVersion = 6.2;
					};
					11D7A5CB1AB75EDB006A6088 = {
						CreatedOnToolsVersion = 6.2;
						TestTargetID = 11D7A5B61AB75EDA006A6088;
					};
				};
			};
			buildConfigurationList = 11D7A5B21AB75EDA006A6088 /* Build configuration list for PBXProject "FastMovie" */;
			compatibilityVersion = "Xcode 3.2";
			developmentRegion = English;
			hasScannedForEncodings = 0;
			knownRegions = (
				en,
				Base,
			);
			mainGroup = 11D7A5AE1AB75EDA006A6088;
			productRefGroup = 11D7A5B81AB75EDA006A6088 /* Products */;
			projectDirPath = "";
			projectRoot = "";
			targets = (
				11D7A5B61AB75EDA006A6088 /* FastMovie */,
				11D7A5CB1AB75EDB006A6088 /* FastMovieTests */,
			);
		};
/* End PBXProject section */

/* Begin PBXResourcesBuildPhase section */
		11D7A5B51AB75EDA006A6088 /* Resources */ = {
			isa = PBXResourcesBuildPhase;
			buildActionMask = 2147483647;
			files = (
				11D7A5C21AB75EDB006A6088 /* Main.storyboard in Resources */,
				11D7A5C71AB75EDB006A6088 /* LaunchScreen.xib in Resources */,
				11D7A5C41AB75EDB006A6088 /* Images.xcassets in Resources */,
			);
			runOnlyForDeploymentPostprocessing = 0;
		};
		11D7A5CA1AB75EDB006A6088 /* Resources */ = {
			isa = PBXResourcesBuildPhase;
			buildActionMask = 2147483647;
			files = (
			);
			runOnlyForDeploymentPostprocessing = 0;
		};
/* End PBXResourcesBuildPhase section */

/* Begin PBXSourcesBuildPhase section */
		11D7A5B31AB75EDA006A6088 /* Sources */ = {
			isa = PBXSourcesBuildPhase;
			buildActionMask = 2147483647;
			files = (
				11D7A5BF1AB75EDB006A6088 /* ViewController.swift in Sources */,
				11D7A5BD1AB75EDB006A6088 /* AppDelegate.swift in Sources */,
			);
			runOnlyForDeploymentPostprocessing = 0;
		};
		11D7A5C81AB75EDB006A6088 /* Sources */ = {
			isa = PBXSourcesBuildPhase;
			buildActionMask = 2147483647;
			files = (
				11D7A5D31AB75EDB006A6088 /* FastMovieTests.swift in Sources */,
			);
			runOnlyForDeploymentPostprocessing = 0;
		};
/* End PBXSourcesBuildPhase section */

/* Begin PBXTargetDependency section */
		11D7A5CE1AB75EDB006A6088 /* PBXTargetDependency */ = {
			isa = PBXTargetDependency;
			target = 11D7A5B61AB75EDA006A6088 /* FastMovie */;
			targetProxy = 11D7A5CD1AB75EDB006A6088 /* PBXContainerItemProxy */;
		};
/* End PBXTargetDependency section */

/* Begin PBXVariantGroup section */
		11D7A5C01AB75EDB006A6088 /* Main.storyboard */ = {
			isa = PBXVariantGroup;
			children = (
				11D7A5C11AB75EDB006A6088 /* Base */,
			);
			name = Main.storyboard;
			sourceTree = "<group>";
		};
		11D7A5C51AB75EDB006A6088 /* LaunchScreen.xib */ = {
			isa = PBXVariantGroup;
			children = (
				11D7A5C61AB75EDB006A6088 /* Base */,
			);
			name = LaunchScreen.xib;
			sourceTree = "<group>";
		};
/* End PBXVariantGroup section */

/* Begin XCBuildConfiguration section */
		11D7A5D41AB75EDB006A6088 /* Debug */ = {
			isa = XCBuildConfiguration;
			buildSettings = {
				ALWAYS_SEARCH_USER_PATHS = NO;
				CLANG_CXX_LANGUAGE_STANDARD = "gnu++0x";
				CLANG_CXX_LIBRARY = "libc++";
				CLANG_ENABLE_MODULES = YES;
				CLANG_ENABLE_OBJC_ARC = YES;
				CLANG_WARN_BOOL_CONVERSION = YES;
				CLANG_WARN_CONSTANT_CONVERSION = YES;
				CLANG_WARN_DIRECT_OBJC_ISA_USAGE = YES_ERROR;
				CLANG_WARN_EMPTY_BODY = YES;
				CLANG_WARN_ENUM_CONVERSION = YES;
				CLANG_WARN_INT_CONVERSION = YES;
				CLANG_WARN_OBJC_ROOT_CLASS = YES_ERROR;
				CLANG_WARN_UNREACHABLE_CODE = YES;
				CLANG_WARN__DUPLICATE_METHOD_MATCH = YES;
				"CODE_SIGN_IDENTITY[sdk=iphoneos*]" = "iPhone Developer";
				COPY_PHASE_STRIP = NO;
				ENABLE_STRICT_OBJC_MSGSEND = YES;
				GCC_C_LANGUAGE_STANDARD = gnu99;
				GCC_DYNAMIC_NO_PIC = NO;
				GCC_OPTIMIZATION_LEVEL = 0;
				GCC_PREPROCESSOR_DEFINITIONS = (
					"DEBUG=1",
					"$(inherited)",
				);
				GCC_SYMBOLS_PRIVATE_EXTERN = NO;
				GCC_WARN_64_TO_32_BIT_CONVERSION = YES;
				GCC_WARN_ABOUT_RETURN_TYPE = YES_ERROR;
				GCC_WARN_UNDECLARED_SELECTOR = YES;
				GCC_WARN_UNINITIALIZED_AUTOS = YES_AGGRESSIVE;
				GCC_WARN_UNUSED_FUNCTION = YES;
				GCC_WARN_UNUSED_VARIABLE = YES;
				IPHONEOS_DEPLOYMENT_TARGET = 8.2;
				MTL_ENABLE_DEBUG_INFO = YES;
				ONLY_ACTIVE_ARCH = YES;
				SDKROOT = iphoneos;
				SWIFT_OPTIMIZATION_LEVEL = "-Onone";
			};
			name = Debug;
		};
		11D7A5D51AB75EDB006A6088 /* Release */ = {
			isa = XCBuildConfiguration;
			buildSettings = {
				ALWAYS_SEARCH_USER_PATHS = NO;
				CLANG_CXX_LANGUAGE_STANDARD = "gnu++0x";
				CLANG_CXX_LIBRARY = "libc++";
				CLANG_ENABLE_MODULES = YES;
				CLANG_ENABLE_OBJC_ARC = YES;
				CLANG_WARN_BOOL_CONVERSION = YES;
				CLANG_WARN_CONSTANT_CONVERSION = YES;
				CLANG_WARN_DIRECT_OBJC_ISA_USAGE = YES_ERROR;
				CLANG_WARN_EMPTY_BODY = YES;
				CLANG_WARN_ENUM_CONVERSION = YES;
				CLANG_WARN_INT_CONVERSION = YES;
				CLANG_WARN_OBJC_ROOT_CLASS = YES_ERROR;
				CLANG_WARN_UNREACHABLE_CODE = YES;
				CLANG_WARN__DUPLICATE_METHOD_MATCH = YES;
				"CODE_SIGN_IDENTITY[sdk=iphoneos*]" = "iPhone Developer";
				COPY_PHASE_STRIP = NO;
				ENABLE_NS_ASSERTIONS = NO;
				ENABLE_STRICT_OBJC_MSGSEND = YES;
				GCC_C_LANGUAGE_STANDARD = gnu99;
				GCC_WARN_64_TO_32_BIT_CONVERSION = YES;
				GCC_WARN_ABOUT_RETURN_TYPE = YES_ERROR;
				GCC_WARN_UNDECLARED_SELECTOR = YES;
				GCC_WARN_UNINITIALIZED_AUTOS = YES_AGGRESSIVE;
				GCC_WARN_UNUSED_FUNCTION = YES;
				GCC_WARN_UNUSED_VARIABLE = YES;
				IPHONEOS_DEPLOYMENT_TARGET = 8.2;
				MTL_ENABLE_DEBUG_INFO = NO;
				SDKROOT = iphoneos;
				VALIDATE_PRODUCT = YES;
			};
			name = Release;
		};
		11D7A5D71AB75EDB006A6088 /* Debug */ = {
			isa = XCBuildConfiguration;
			buildSettings = {
				ASSETCATALOG_COMPILER_APPICON_NAME = AppIcon;
				INFOPLIST_FILE = FastMovie/Info.plist;
				LD_RUNPATH_SEARCH_PATHS = "$(inherited) @executable_path/Frameworks";
				PRODUCT_NAME = "$(TARGET_NAME)";
			};
			name = Debug;
		};
		11D7A5D81AB75EDB006A6088 /* Release */ = {
			isa = XCBuildConfiguration;
			buildSettings = {
				ASSETCATALOG_COMPILER_APPICON_NAME = AppIcon;
				INFOPLIST_FILE = FastMovie/Info.plist;
				LD_RUNPATH_SEARCH_PATHS = "$(inherited) @executable_path/Frameworks";
				PRODUCT_NAME = "$(TARGET_NAME)";
			};
			name = Release;
		};
		11D7A5DA1AB75EDB006A6088 /* Debug */ = {
			isa = XCBuildConfiguration;
			buildSettings = {
				BUNDLE_LOADER = "$(TEST_HOST)";
				FRAMEWORK_SEARCH_PATHS = (
					"$(SDKROOT)/Developer/Library/Frameworks",
					"$(inherited)",
				);
				GCC_PREPROCESSOR_DEFINITIONS = (
					"DEBUG=1",
					"$(inherited)",
				);
				INFOPLIST_FILE = FastMovieTests/Info.plist;
				LD_RUNPATH_SEARCH_PATHS = "$(inherited) @executable_path/Frameworks @loader_path/Frameworks";
				PRODUCT_NAME = "$(TARGET_NAME)";
				TEST_HOST = "$(BUILT_PRODUCTS_DIR)/FastMovie.app/FastMovie";
			};
			name = Debug;
		};
		11D7A5DB1AB75EDB006A6088 /* Release */ = {
			isa = XCBuildConfiguration;
			buildSettings = {
				BUNDLE_LOADER = "$(TEST_HOST)";
				FRAMEWORK_SEARCH_PATHS = (
					"$(SDKROOT)/Developer/Library/Frameworks",
					"$(inherited)",
				);
				INFOPLIST_FILE = FastMovieTests/Info.plist;
				LD_RUNPATH_SEARCH_PATHS = "$(inherited) @executable_path/Frameworks @loader_path/Frameworks";
				PRODUCT_NAME = "$(TARGET_NAME)";
				TEST_HOST = "$(BUILT_PRODUCTS_DIR)/FastMovie.app/FastMovie";
			};
			name = Release;
		};
/* End XCBuildConfiguration section */

/* Begin XCConfigurationList section */
		11D7A5B21AB75EDA006A6088 /* Build configuration list for PBXProject "FastMovie" */ = {
			isa = XCConfigurationList;
			buildConfigurations = (
				11D7A5D41AB75EDB006A6088 /* Debug */,
				11D7A5D51AB75EDB006A6088 /* Release */,
			);
			defaultConfigurationIsVisible = 0;
			defaultConfigurationName = Release;
		};
		11D7A5D61AB75EDB006A6088 /* Build configuration list for PBXNativeTarget "FastMovie" */ = {
			isa = XCConfigurationList;
			buildConfigurations = (
				11D7A5D71AB75EDB006A6088 /* Debug */,
				11D7A5D81AB75EDB006A6088 /* Release */,
			);
			defaultConfigurationIsVisible = 0;
		};
		11D7A5D91AB75EDB006A6088 /* Build configuration list for PBXNativeTarget "FastMovieTests" */ = {
			isa = XCConfigurationList;
			buildConfigurations = (
				11D7A5DA1AB75EDB006A6088 /* Debug */,
				11D7A5DB1AB75EDB006A6088 /* Release */,
			);
			defaultConfigurationIsVisible = 0;
		};
/* End XCConfigurationList section */
	};
	rootObject = 11D7A5AF1AB75EDA006A6088 /* Project object */;
}
